
Microsoft Visual Studio Solution File, Format Version 12.00
# Visual Studio 15
VisualStudioVersion = 15.0.27703.2035
MinimumVisualStudioVersion = 10.0.40219.1
Project("{FAE04EC0-301F-11D3-BF4B-00C04F79EFBC}") = "SketchUpFactory", "SketchUpFactory\SketchUpFactory.csproj", "{0C864E60-D7AF-42E8-B12E-CF7A9AA45740}"
EndProject
Project("{FAE04EC0-301F-11D3-BF4B-00C04F79EFBC}") = "SketchUpFactoryRun", "SketchUpFactoryRun\SketchUpFactoryRun.csproj", "{104B625A-13A4-4B1C-A0D5-8D284C36BE24}"
EndProject
Project("{FAE04EC0-301F-11D3-BF4B-00C04F79EFBC}") = "SketchUpFactoryExamples", "SketchUpFactoryExamples\SketchUpFactoryExamples.csproj", "{09B48B10-6A55-4D7F-AEFB-C41DF8CCADCC}"
EndProject
Project("{FAE04EC0-301F-11D3-BF4B-00C04F79EFBC}") = "SketchUpFactoryReader", "SketchUpFactoryReader\SketchUpFactoryReader.csproj", "{E010E3DB-6E8C-4294-ACD5-77CF02E9190D}"
EndProject
Global
	GlobalSection(SolutionConfigurationPlatforms) = preSolution
		Debug|Any CPU = Debug|Any CPU
		Release|Any CPU = Release|Any CPU
	EndGlobalSection
	GlobalSection(ProjectConfigurationPlatforms) = postSolution
		{0C864E60-D7AF-42E8-B12E-CF7A9AA45740}.Debug|Any CPU.ActiveCfg = Debug|Any CPU
		{0C864E60-D7AF-42E8-B12E-CF7A9AA45740}.Debug|Any CPU.Build.0 = Debug|Any CPU
		{0C864E60-D7AF-42E8-B12E-CF7A9AA45740}.Release|Any CPU.ActiveCfg = Release|Any CPU
		{0C864E60-D7AF-42E8-B12E-CF7A9AA45740}.Release|Any CPU.Build.0 = Release|Any CPU
		{104B625A-13A4-4B1C-A0D5-8D284C36BE24}.Debug|Any CPU.ActiveCfg = Debug|Any CPU
		{104B625A-13A4-4B1C-A0D5-8D284C36BE24}.Debug|Any CPU.Build.0 = Debug|Any CPU
		{104B625A-13A4-4B1C-A0D5-8D284C36BE24}.Release|Any CPU.ActiveCfg = Release|Any CPU
		{104B625A-13A4-4B1C-A0D5-8D284C36BE24}.Release|Any CPU.Build.0 = Release|Any CPU
		{09B48B10-6A55-4D7F-AEFB-C41DF8CCADCC}.Debug|Any CPU.ActiveCfg = Debug|Any CPU
		{09B48B10-6A55-4D7F-AEFB-C41DF8CCADCC}.Debug|Any CPU.Build.0 = Debug|Any CPU
		{09B48B10-6A55-4D7F-AEFB-C41DF8CCADCC}.Release|Any CPU.ActiveCfg = Release|Any CPU
		{09B48B10-6A55-4D7F-AEFB-C41DF8CCADCC}.Release|Any CPU.Build.0 = Release|Any CPU
		{E010E3DB-6E8C-4294-ACD5-77CF02E9190D}.Debug|Any CPU.ActiveCfg = Debug|Any CPU
		{E010E3DB-6E8C-4294-ACD5-77CF02E9190D}.Debug|Any CPU.Build.0 = Debug|Any CPU
		{E010E3DB-6E8C-4294-ACD5-77CF02E9190D}.Release|Any CPU.ActiveCfg = Release|Any CPU
		{E010E3DB-6E8C-4294-ACD5-77CF02E9190D}.Release|Any CPU.Build.0 = Release|Any CPU
	EndGlobalSection
	GlobalSection(SolutionProperties) = preSolution
		HideSolutionNode = FALSE
	EndGlobalSection
	GlobalSection(ExtensibilityGlobals) = postSolution
		SolutionGuid = {25E34F8E-4CAD-44CA-96DE-A8ED552A921F}
	EndGlobalSection
EndGlobal
